
Microsoft Visual Studio Solution File, Format Version 12.00
# Visual Studio Version 17
VisualStudioVersion = 17.3.32901.215
MinimumVisualStudioVersion = 10.0.40219.1
Project("{FAE04EC0-301F-11D3-BF4B-00C04F79EFBC}") = "WindowsFormsApp1", "WindowsFormsApp1\WindowsFormsApp1.csproj", "{73DFAAA1-EE59-4309-99FD-B5791B38C21B}"
EndProject
Global
	GlobalSection(SolutionConfigurationPlatforms) = preSolution
		Debug|Any CPU = Debug|Any CPU
		Release|Any CPU = Release|Any CPU
	EndGlobalSection
	GlobalSection(ProjectConfigurationPlatforms) = postSolution
		{73DFAAA1-EE59-4309-99FD-B5791B38C21B}.Debug|Any CPU.ActiveCfg = Debug|Any CPU
		{73DFAAA1-EE59-4309-99FD-B5791B38C21B}.Debug|Any CPU.Build.0 = Debug|Any CPU
		{73DFAAA1-EE59-4309-99FD-B5791B38C21B}.Release|Any CPU.ActiveCfg = Release|Any CPU
		{73DFAAA1-EE59-4309-99FD-B5791B38C21B}.Release|Any CPU.Build.0 = Release|Any CPU
	EndGlobalSection
	GlobalSection(SolutionProperties) = preSolution
		HideSolutionNode = FALSE
	EndGlobalSection
	GlobalSection(ExtensibilityGlobals) = postSolution
		SolutionGuid = {2358181F-8FAC-4291-BDC8-67AFAA6E5802}
	EndGlobalSection
EndGlobal
